
Microsoft Visual Studio Solution File, Format Version 12.00
# Visual Studio 15
VisualStudioVersion = 15.0.26730.16
MinimumVisualStudioVersion = 10.0.40219.1
Project("{FAE04EC0-301F-11D3-BF4B-00C04F79EFBC}") = "MainApp", "MainApp\MainApp.csproj", "{D67AF988-0D63-44A0-A083-A822D5343E62}"
EndProject
Project("{FAE04EC0-301F-11D3-BF4B-00C04F79EFBC}") = "QueueLibrary", "QueueLibrary\QueueLibrary.csproj", "{E21167D4-B1AD-4587-93BB-DFDF1CE4BA8B}"
EndProject
Global
	GlobalSection(SolutionConfigurationPlatforms) = preSolution
		Debug|Any CPU = Debug|Any CPU
		Release|Any CPU = Release|Any CPU
	EndGlobalSection
	GlobalSection(ProjectConfigurationPlatforms) = postSolution
		{D67AF988-0D63-44A0-A083-A822D5343E62}.Debug|Any CPU.ActiveCfg = Debug|Any CPU
		{D67AF988-0D63-44A0-A083-A822D5343E62}.Debug|Any CPU.Build.0 = Debug|Any CPU
		{D67AF988-0D63-44A0-A083-A822D5343E62}.Release|Any CPU.ActiveCfg = Release|Any CPU
		{D67AF988-0D63-44A0-A083-A822D5343E62}.Release|Any CPU.Build.0 = Release|Any CPU
		{E21167D4-B1AD-4587-93BB-DFDF1CE4BA8B}.Debug|Any CPU.ActiveCfg = Debug|Any CPU
		{E21167D4-B1AD-4587-93BB-DFDF1CE4BA8B}.Debug|Any CPU.Build.0 = Debug|Any CPU
		{E21167D4-B1AD-4587-93BB-DFDF1CE4BA8B}.Release|Any CPU.ActiveCfg = Release|Any CPU
		{E21167D4-B1AD-4587-93BB-DFDF1CE4BA8B}.Release|Any CPU.Build.0 = Release|Any CPU
	EndGlobalSection
	GlobalSection(SolutionProperties) = preSolution
		HideSolutionNode = FALSE
	EndGlobalSection
	GlobalSection(ExtensibilityGlobals) = postSolution
		SolutionGuid = {BE68949C-B1FA-4423-8800-5D1EE8413DC3}
	EndGlobalSection
EndGlobal
